
Microsoft Visual Studio Solution File, Format Version 12.00
# Visual Studio 15
VisualStudioVersion = 15.0.27703.2000
MinimumVisualStudioVersion = 10.0.40219.1
Project("{FAE04EC0-301F-11D3-BF4B-00C04F79EFBC}") = "NewAttendanceChecker", "NewAttendanceChecker\NewAttendanceChecker.csproj", "{EB7A4544-EE2D-4B39-8298-D3446DA0D889}"
EndProject
Global
	GlobalSection(SolutionConfigurationPlatforms) = preSolution
		Debug|Any CPU = Debug|Any CPU
		Release|Any CPU = Release|Any CPU
	EndGlobalSection
	GlobalSection(ProjectConfigurationPlatforms) = postSolution
		{EB7A4544-EE2D-4B39-8298-D3446DA0D889}.Debug|Any CPU.ActiveCfg = Debug|Any CPU
		{EB7A4544-EE2D-4B39-8298-D3446DA0D889}.Debug|Any CPU.Build.0 = Debug|Any CPU
		{EB7A4544-EE2D-4B39-8298-D3446DA0D889}.Release|Any CPU.ActiveCfg = Release|Any CPU
		{EB7A4544-EE2D-4B39-8298-D3446DA0D889}.Release|Any CPU.Build.0 = Release|Any CPU
	EndGlobalSection
	GlobalSection(SolutionProperties) = preSolution
		HideSolutionNode = FALSE
	EndGlobalSection
	GlobalSection(ExtensibilityGlobals) = postSolution
		SolutionGuid = {41540107-1A82-4626-9C48-F3FADDB63332}
	EndGlobalSection
EndGlobal
